
Microsoft Visual Studio Solution File, Format Version 12.00
# Visual Studio Version 17
VisualStudioVersion = 17.0.32014.148
MinimumVisualStudioVersion = 10.0.40219.1
Project("{FAE04EC0-301F-11D3-BF4B-00C04F79EFBC}") = "RASDK.Vision", "RASDK.Vision\RASDK.Vision.csproj", "{F684F835-3E60-44C1-A3FE-410E95D42657}"
EndProject
Project("{FAE04EC0-301F-11D3-BF4B-00C04F79EFBC}") = "RASDK.Vision.TestForms", "RASDK.Vision.TestForms\RASDK.Vision.TestForms.csproj", "{2AA067AE-69E0-4E60-A3EA-5994000130D5}"
EndProject
Global
	GlobalSection(SolutionConfigurationPlatforms) = preSolution
		Debug|Any CPU = Debug|Any CPU
		Debug|x64 = Debug|x64
		Release|Any CPU = Release|Any CPU
		Release|x64 = Release|x64
	EndGlobalSection
	GlobalSection(ProjectConfigurationPlatforms) = postSolution
		{F684F835-3E60-44C1-A3FE-410E95D42657}.Debug|Any CPU.ActiveCfg = Debug|Any CPU
		{F684F835-3E60-44C1-A3FE-410E95D42657}.Debug|Any CPU.Build.0 = Debug|Any CPU
		{F684F835-3E60-44C1-A3FE-410E95D42657}.Debug|x64.ActiveCfg = Debug|x64
		{F684F835-3E60-44C1-A3FE-410E95D42657}.Debug|x64.Build.0 = Debug|x64
		{F684F835-3E60-44C1-A3FE-410E95D42657}.Release|Any CPU.ActiveCfg = Release|Any CPU
		{F684F835-3E60-44C1-A3FE-410E95D42657}.Release|Any CPU.Build.0 = Release|Any CPU
		{F684F835-3E60-44C1-A3FE-410E95D42657}.Release|x64.ActiveCfg = Release|x64
		{F684F835-3E60-44C1-A3FE-410E95D42657}.Release|x64.Build.0 = Release|x64
		{2AA067AE-69E0-4E60-A3EA-5994000130D5}.Debug|Any CPU.ActiveCfg = Debug|Any CPU
		{2AA067AE-69E0-4E60-A3EA-5994000130D5}.Debug|Any CPU.Build.0 = Debug|Any CPU
		{2AA067AE-69E0-4E60-A3EA-5994000130D5}.Debug|x64.ActiveCfg = Debug|Any CPU
		{2AA067AE-69E0-4E60-A3EA-5994000130D5}.Debug|x64.Build.0 = Debug|Any CPU
		{2AA067AE-69E0-4E60-A3EA-5994000130D5}.Release|Any CPU.ActiveCfg = Release|Any CPU
		{2AA067AE-69E0-4E60-A3EA-5994000130D5}.Release|Any CPU.Build.0 = Release|Any CPU
		{2AA067AE-69E0-4E60-A3EA-5994000130D5}.Release|x64.ActiveCfg = Release|Any CPU
		{2AA067AE-69E0-4E60-A3EA-5994000130D5}.Release|x64.Build.0 = Release|Any CPU
	EndGlobalSection
	GlobalSection(SolutionProperties) = preSolution
		HideSolutionNode = FALSE
	EndGlobalSection
	GlobalSection(ExtensibilityGlobals) = postSolution
		SolutionGuid = {E660B819-07A0-4A0C-B2E8-BBD41C0A1FB0}
	EndGlobalSection
EndGlobal
